{
  "name": "opentab-backend",
  "version": "1.0.0",
  "lockfileVersion": 3,
  "requires": true,
  "packages": {
    "": {
      "name": "opentab-backend",
      "version": "1.0.0"
    },
    "auth-module": {
      "name": "auth_module",
      "version": "1.0.0",
      "extraneous": true,
      "license": "ISC",
      "dependencies": {
        "bcrypt": "^6.0.0",
        "cookie-parser": "^1.4.7",
        "express": "^5.2.1",
        "jsonwebtoken": "^9.0.3",
        "mongoose": "^9.1.2"
      }
    },
    "backend": {
      "version": "1.0.0",
      "extraneous": true,
      "dependencies": {
        "auth-module": "file:../auth-module"
      }
    }
  }
}
